// !$*UTF8*$!
{
	archiveVersion = 1;
	classes = {
	};
	objectVersion = 46;
	objects = {

/* Begin PBXBuildFile section */
		95A3C53F225B44CB97A1A04D /* libPods.a in Frameworks */ = {isa = PBXBuildFile; fileRef = 3F121B8492EC428CAE7584FF /* libPods.a */; };
		B35B97FF1950D00D00B78397 /* Foundation.framework in Frameworks */ = {isa = PBXBuildFile; fileRef = B35B97FE1950D00D00B78397 /* Foundation.framework */; };
		B35B98011950D00D00B78397 /* CoreGraphics.framework in Frameworks */ = {isa = PBXBuildFile; fileRef = B35B98001950D00D00B78397 /* CoreGraphics.framework */; };
		B35B98031950D00D00B78397 /* UIKit.framework in Frameworks */ = {isa = PBXBuildFile; fileRef = B35B98021950D00D00B78397 /* UIKit.framework */; };
		B35B98091950D00D00B78397 /* InfoPlist.strings in Resources */ = {isa = PBXBuildFile; fileRef = B35B98071950D00D00B78397 /* InfoPlist.strings */; };
		B35B980B1950D00D00B78397 /* main.m in Sources */ = {isa = PBXBuildFile; fileRef = B35B980A1950D00D00B78397 /* main.m */; };
		B35B980F1950D00D00B78397 /* LNAppDelegate.m in Sources */ = {isa = PBXBuildFile; fileRef = B35B980E1950D00D00B78397 /* LNAppDelegate.m */; };
		B35B98181950D00D00B78397 /* LNViewController.m in Sources */ = {isa = PBXBuildFile; fileRef = B35B98171950D00D00B78397 /* LNViewController.m */; };
		B35B981A1950D00D00B78397 /* Images.xcassets in Resources */ = {isa = PBXBuildFile; fileRef = B35B98191950D00D00B78397 /* Images.xcassets */; };
		B35B98211950D00D00B78397 /* XCTest.framework in Frameworks */ = {isa = PBXBuildFile; fileRef = B35B98201950D00D00B78397 /* XCTest.framework */; };
		B35B98221950D00D00B78397 /* Foundation.framework in Frameworks */ = {isa = PBXBuildFile; fileRef = B35B97FE1950D00D00B78397 /* Foundation.framework */; };
		B35B98231950D00D00B78397 /* UIKit.framework in Frameworks */ = {isa = PBXBuildFile; fileRef = B35B98021950D00D00B78397 /* UIKit.framework */; };
		B35B982B1950D00D00B78397 /* InfoPlist.strings in Resources */ = {isa = PBXBuildFile; fileRef = B35B98291950D00D00B78397 /* InfoPlist.strings */; };
		B35B982D1950D00D00B78397 /* LifeVNTests.m in Sources */ = {isa = PBXBuildFile; fileRef = B35B982C1950D00D00B78397 /* LifeVNTests.m */; };
		B35B983B1950D22D00B78397 /* LNTopbarView.m in Sources */ = {isa = PBXBuildFile; fileRef = B35B983A1950D22D00B78397 /* LNTopbarView.m */; };
		B35B98471950D91A00B78397 /* DefaultCategories.plist in Resources */ = {isa = PBXBuildFile; fileRef = B35B98461950D91A00B78397 /* DefaultCategories.plist */; };
		B3D3F1FB195287C900B24786 /* CoreData.framework in Frameworks */ = {isa = PBXBuildFile; fileRef = B3D3F1FA195287C900B24786 /* CoreData.framework */; };
		B3E3ACEC19513086009FC189 /* LNCategory.m in Sources */ = {isa = PBXBuildFile; fileRef = B3E3ACEB19513086009FC189 /* LNCategory.m */; };
		B3E3ACEF19513118009FC189 /* LNResourceLink.m in Sources */ = {isa = PBXBuildFile; fileRef = B3E3ACEE19513118009FC189 /* LNResourceLink.m */; };
		B3E3ACF21951358D009FC189 /* LNAppUser.m in Sources */ = {isa = PBXBuildFile; fileRef = B3E3ACF11951358D009FC189 /* LNAppUser.m */; };
		B3F5C78619528D600022F400 /* ResourceModel.xcdatamodeld in Sources */ = {isa = PBXBuildFile; fileRef = B3F5C78419528D600022F400 /* ResourceModel.xcdatamodeld */; };
		B3F5C78919528E9E0022F400 /* ResourceLink.m in Sources */ = {isa = PBXBuildFile; fileRef = B3F5C78819528E9E0022F400 /* ResourceLink.m */; };
		B3F5C78C19528E9F0022F400 /* ResourceCategory.m in Sources */ = {isa = PBXBuildFile; fileRef = B3F5C78B19528E9F0022F400 /* ResourceCategory.m */; };
		B3F5C78F19528E9F0022F400 /* AppUser.m in Sources */ = {isa = PBXBuildFile; fileRef = B3F5C78E19528E9F0022F400 /* AppUser.m */; };
/* End PBXBuildFile section */

/* Begin PBXContainerItemProxy section */
		B35B98241950D00D00B78397 /* PBXContainerItemProxy */ = {
			isa = PBXContainerItemProxy;
			containerPortal = B35B97F31950D00D00B78397 /* Project object */;
			proxyType = 1;
			remoteGlobalIDString = B35B97FA1950D00D00B78397;
			remoteInfo = LifeVN;
		};
/* End PBXContainerItemProxy section */

/* Begin PBXFileReference section */
		3F121B8492EC428CAE7584FF /* libPods.a */ = {isa = PBXFileReference; explicitFileType = archive.ar; includeInIndex = 0; path = libPods.a; sourceTree = BUILT_PRODUCTS_DIR; };
		5591A7F4CBA1495AB597B2B5 /* Pods.xcconfig */ = {isa = PBXFileReference; includeInIndex = 1; lastKnownFileType = text.xcconfig; name = Pods.xcconfig; path = Pods/Pods.xcconfig; sourceTree = "<group>"; };
		B35B97FB1950D00D00B78397 /* LifeVN.app */ = {isa = PBXFileReference; explicitFileType = wrapper.application; includeInIndex = 0; path = LifeVN.app; sourceTree = BUILT_PRODUCTS_DIR; };
		B35B97FE1950D00D00B78397 /* Foundation.framework */ = {isa = PBXFileReference; lastKnownFileType = wrapper.framework; name = Foundation.framework; path = System/Library/Frameworks/Foundation.framework; sourceTree = SDKROOT; };
		B35B98001950D00D00B78397 /* CoreGraphics.framework */ = {isa = PBXFileReference; lastKnownFileType = wrapper.framework; name = CoreGraphics.framework; path = System/Library/Frameworks/CoreGraphics.framework; sourceTree = SDKROOT; };
		B35B98021950D00D00B78397 /* UIKit.framework */ = {isa = PBXFileReference; lastKnownFileType = wrapper.framework; name = UIKit.framework; path = System/Library/Frameworks/UIKit.framework; sourceTree = SDKROOT; };
		B35B98061950D00D00B78397 /* LifeVN-Info.plist */ = {isa = PBXFileReference; lastKnownFileType = text.plist.xml; path = "LifeVN-Info.plist"; sourceTree = "<group>"; };
		B35B98081950D00D00B78397 /* en */ = {isa = PBXFileReference; lastKnownFileType = text.plist.strings; name = en; path = en.lproj/InfoPlist.strings; sourceTree = "<group>"; };
		B35B980A1950D00D00B78397 /* main.m */ = {isa = PBXFileReference; lastKnownFileType = sourcecode.c.objc; path = main.m; sourceTree = "<group>"; };
		B35B980C1950D00D00B78397 /* LifeVN-Prefix.pch */ = {isa = PBXFileReference; lastKnownFileType = sourcecode.c.h; path = "LifeVN-Prefix.pch"; sourceTree = "<group>"; };
		B35B980D1950D00D00B78397 /* LNAppDelegate.h */ = {isa = PBXFileReference; lastKnownFileType = sourcecode.c.h; path = LNAppDelegate.h; sourceTree = "<group>"; };
		B35B980E1950D00D00B78397 /* LNAppDelegate.m */ = {isa = PBXFileReference; lastKnownFileType = sourcecode.c.objc; path = LNAppDelegate.m; sourceTree = "<group>"; };
		B35B98161950D00D00B78397 /* LNViewController.h */ = {isa = PBXFileReference; lastKnownFileType = sourcecode.c.h; path = LNViewController.h; sourceTree = "<group>"; };
		B35B98171950D00D00B78397 /* LNViewController.m */ = {isa = PBXFileReference; lastKnownFileType = sourcecode.c.objc; path = LNViewController.m; sourceTree = "<group>"; };
		B35B98191950D00D00B78397 /* Images.xcassets */ = {isa = PBXFileReference; lastKnownFileType = folder.assetcatalog; path = Images.xcassets; sourceTree = "<group>"; };
		B35B981F1950D00D00B78397 /* LifeVNTests.xctest */ = {isa = PBXFileReference; explicitFileType = wrapper.cfbundle; includeInIndex = 0; path = LifeVNTests.xctest; sourceTree = BUILT_PRODUCTS_DIR; };
		B35B98201950D00D00B78397 /* XCTest.framework */ = {isa = PBXFileReference; lastKnownFileType = wrapper.framework; name = XCTest.framework; path = Library/Frameworks/XCTest.framework; sourceTree = DEVELOPER_DIR; };
		B35B98281950D00D00B78397 /* LifeVNTests-Info.plist */ = {isa = PBXFileReference; lastKnownFileType = text.plist.xml; path = "LifeVNTests-Info.plist"; sourceTree = "<group>"; };
		B35B982A1950D00D00B78397 /* en */ = {isa = PBXFileReference; lastKnownFileType = text.plist.strings; name = en; path = en.lproj/InfoPlist.strings; sourceTree = "<group>"; };
		B35B982C1950D00D00B78397 /* LifeVNTests.m */ = {isa = PBXFileReference; lastKnownFileType = sourcecode.c.objc; path = LifeVNTests.m; sourceTree = "<group>"; };
		B35B98361950D18300B78397 /* LNTypes.h */ = {isa = PBXFileReference; fileEncoding = 4; lastKnownFileType = sourcecode.c.h; path = LNTypes.h; sourceTree = "<group>"; };
		B35B98391950D22D00B78397 /* LNTopbarView.h */ = {isa = PBXFileReference; fileEncoding = 4; lastKnownFileType = sourcecode.c.h; path = LNTopbarView.h; sourceTree = "<group>"; };
		B35B983A1950D22D00B78397 /* LNTopbarView.m */ = {isa = PBXFileReference; fileEncoding = 4; lastKnownFileType = sourcecode.c.objc; path = LNTopbarView.m; sourceTree = "<group>"; };
		B35B98461950D91A00B78397 /* DefaultCategories.plist */ = {isa = PBXFileReference; fileEncoding = 4; lastKnownFileType = text.plist.xml; path = DefaultCategories.plist; sourceTree = "<group>"; };
		B3D3F1FA195287C900B24786 /* CoreData.framework */ = {isa = PBXFileReference; lastKnownFileType = wrapper.framework; name = CoreData.framework; path = System/Library/Frameworks/CoreData.framework; sourceTree = SDKROOT; };
		B3E3ACEA19513086009FC189 /* LNCategory.h */ = {isa = PBXFileReference; fileEncoding = 4; lastKnownFileType = sourcecode.c.h; path = LNCategory.h; sourceTree = "<group>"; };
		B3E3ACEB19513086009FC189 /* LNCategory.m */ = {isa = PBXFileReference; fileEncoding = 4; lastKnownFileType = sourcecode.c.objc; path = LNCategory.m; sourceTree = "<group>"; };
		B3E3ACED19513118009FC189 /* LNResourceLink.h */ = {isa = PBXFileReference; fileEncoding = 4; lastKnownFileType = sourcecode.c.h; path = LNResourceLink.h; sourceTree = "<group>"; };
		B3E3ACEE19513118009FC189 /* LNResourceLink.m */ = {isa = PBXFileReference; fileEncoding = 4; lastKnownFileType = sourcecode.c.objc; path = LNResourceLink.m; sourceTree = "<group>"; };
		B3E3ACF01951358D009FC189 /* LNAppUser.h */ = {isa = PBXFileReference; fileEncoding = 4; lastKnownFileType = sourcecode.c.h; path = LNAppUser.h; sourceTree = "<group>"; };
		B3E3ACF11951358D009FC189 /* LNAppUser.m */ = {isa = PBXFileReference; fileEncoding = 4; lastKnownFileType = sourcecode.c.objc; path = LNAppUser.m; sourceTree = "<group>"; };
		B3E3ACF319513B7F009FC189 /* LNConstants.h */ = {isa = PBXFileReference; fileEncoding = 4; lastKnownFileType = sourcecode.c.h; path = LNConstants.h; sourceTree = "<group>"; };
		B3F5C78519528D600022F400 /* ResourceModel.xcdatamodel */ = {isa = PBXFileReference; lastKnownFileType = wrapper.xcdatamodel; path = ResourceModel.xcdatamodel; sourceTree = "<group>"; };
		B3F5C78719528E9E0022F400 /* ResourceLink.h */ = {isa = PBXFileReference; fileEncoding = 4; lastKnownFileType = sourcecode.c.h; path = ResourceLink.h; sourceTree = "<group>"; };
		B3F5C78819528E9E0022F400 /* ResourceLink.m */ = {isa = PBXFileReference; fileEncoding = 4; lastKnownFileType = sourcecode.c.objc; path = ResourceLink.m; sourceTree = "<group>"; };
		B3F5C78A19528E9F0022F400 /* ResourceCategory.h */ = {isa = PBXFileReference; fileEncoding = 4; lastKnownFileType = sourcecode.c.h; path = ResourceCategory.h; sourceTree = "<group>"; };
		B3F5C78B19528E9F0022F400 /* ResourceCategory.m */ = {isa = PBXFileReference; fileEncoding = 4; lastKnownFileType = sourcecode.c.objc; path = ResourceCategory.m; sourceTree = "<group>"; };
		B3F5C78D19528E9F0022F400 /* AppUser.h */ = {isa = PBXFileReference; fileEncoding = 4; lastKnownFileType = sourcecode.c.h; path = AppUser.h; sourceTree = "<group>"; };
		B3F5C78E19528E9F0022F400 /* AppUser.m */ = {isa = PBXFileReference; fileEncoding = 4; lastKnownFileType = sourcecode.c.objc; path = AppUser.m; sourceTree = "<group>"; };
/* End PBXFileReference section */

/* Begin PBXFrameworksBuildPhase section */
		B35B97F81950D00D00B78397 /* Frameworks */ = {
			isa = PBXFrameworksBuildPhase;
			buildActionMask = 2147483647;
			files = (
				B3D3F1FB195287C900B24786 /* CoreData.framework in Frameworks */,
				B35B98011950D00D00B78397 /* CoreGraphics.framework in Frameworks */,
				B35B98031950D00D00B78397 /* UIKit.framework in Frameworks */,
				B35B97FF1950D00D00B78397 /* Foundation.framework in Frameworks */,
				95A3C53F225B44CB97A1A04D /* libPods.a in Frameworks */,
			);
			runOnlyForDeploymentPostprocessing = 0;
		};
		B35B981C1950D00D00B78397 /* Frameworks */ = {
			isa = PBXFrameworksBuildPhase;
			buildActionMask = 2147483647;
			files = (
				B35B98211950D00D00B78397 /* XCTest.framework in Frameworks */,
				B35B98231950D00D00B78397 /* UIKit.framework in Frameworks */,
				B35B98221950D00D00B78397 /* Foundation.framework in Frameworks */,
			);
			runOnlyForDeploymentPostprocessing = 0;
		};
/* End PBXFrameworksBuildPhase section */

/* Begin PBXGroup section */
		B35B97F21950D00D00B78397 = {
			isa = PBXGroup;
			children = (
				B3F5C78419528D600022F400 /* ResourceModel.xcdatamodeld */,
				B3F5C78D19528E9F0022F400 /* AppUser.h */,
				B3F5C78E19528E9F0022F400 /* AppUser.m */,
				B3F5C78A19528E9F0022F400 /* ResourceCategory.h */,
				B3F5C78B19528E9F0022F400 /* ResourceCategory.m */,
				B3F5C78719528E9E0022F400 /* ResourceLink.h */,
				B3F5C78819528E9E0022F400 /* ResourceLink.m */,
				B35B98041950D00D00B78397 /* LifeVN */,
				B35B98261950D00D00B78397 /* LifeVNTests */,
				B35B97FD1950D00D00B78397 /* Frameworks */,
				B35B97FC1950D00D00B78397 /* Products */,
				5591A7F4CBA1495AB597B2B5 /* Pods.xcconfig */,
			);
			sourceTree = "<group>";
		};
		B35B97FC1950D00D00B78397 /* Products */ = {
			isa = PBXGroup;
			children = (
				B35B97FB1950D00D00B78397 /* LifeVN.app */,
				B35B981F1950D00D00B78397 /* LifeVNTests.xctest */,
			);
			name = Products;
			sourceTree = "<group>";
		};
		B35B97FD1950D00D00B78397 /* Frameworks */ = {
			isa = PBXGroup;
			children = (
				B3D3F1FA195287C900B24786 /* CoreData.framework */,
				B35B97FE1950D00D00B78397 /* Foundation.framework */,
				B35B98001950D00D00B78397 /* CoreGraphics.framework */,
				B35B98021950D00D00B78397 /* UIKit.framework */,
				B35B98201950D00D00B78397 /* XCTest.framework */,
				3F121B8492EC428CAE7584FF /* libPods.a */,
			);
			name = Frameworks;
			sourceTree = "<group>";
		};
		B35B98041950D00D00B78397 /* LifeVN */ = {
			isa = PBXGroup;
			children = (
				B3E3ACF319513B7F009FC189 /* LNConstants.h */,
				B35B98361950D18300B78397 /* LNTypes.h */,
				B3E3ACE91951303D009FC189 /* Views */,
				B3E3ACE81951302B009FC189 /* Models */,
				B35B980D1950D00D00B78397 /* LNAppDelegate.h */,
				B35B980E1950D00D00B78397 /* LNAppDelegate.m */,
				B35B98161950D00D00B78397 /* LNViewController.h */,
				B35B98171950D00D00B78397 /* LNViewController.m */,
				B35B98191950D00D00B78397 /* Images.xcassets */,
				B35B98051950D00D00B78397 /* Supporting Files */,
			);
			path = LifeVN;
			sourceTree = "<group>";
		};
		B35B98051950D00D00B78397 /* Supporting Files */ = {
			isa = PBXGroup;
			children = (
				B35B98061950D00D00B78397 /* LifeVN-Info.plist */,
				B35B98071950D00D00B78397 /* InfoPlist.strings */,
				B35B980A1950D00D00B78397 /* main.m */,
				B35B980C1950D00D00B78397 /* LifeVN-Prefix.pch */,
				B35B98461950D91A00B78397 /* DefaultCategories.plist */,
			);
			name = "Supporting Files";
			sourceTree = "<group>";
		};
		B35B98261950D00D00B78397 /* LifeVNTests */ = {
			isa = PBXGroup;
			children = (
				B35B982C1950D00D00B78397 /* LifeVNTests.m */,
				B35B98271950D00D00B78397 /* Supporting Files */,
			);
			path = LifeVNTests;
			sourceTree = "<group>";
		};
		B35B98271950D00D00B78397 /* Supporting Files */ = {
			isa = PBXGroup;
			children = (
				B35B98281950D00D00B78397 /* LifeVNTests-Info.plist */,
				B35B98291950D00D00B78397 /* InfoPlist.strings */,
			);
			name = "Supporting Files";
			sourceTree = "<group>";
		};
		B3E3ACE81951302B009FC189 /* Models */ = {
			isa = PBXGroup;
			children = (
				B3E3ACEA19513086009FC189 /* LNCategory.h */,
				B3E3ACEB19513086009FC189 /* LNCategory.m */,
				B3E3ACED19513118009FC189 /* LNResourceLink.h */,
				B3E3ACEE19513118009FC189 /* LNResourceLink.m */,
				B3E3ACF01951358D009FC189 /* LNAppUser.h */,
				B3E3ACF11951358D009FC189 /* LNAppUser.m */,
			);
			name = Models;
			sourceTree = "<group>";
		};
		B3E3ACE91951303D009FC189 /* Views */ = {
			isa = PBXGroup;
			children = (
				B35B98391950D22D00B78397 /* LNTopbarView.h */,
				B35B983A1950D22D00B78397 /* LNTopbarView.m */,
			);
			name = Views;
			sourceTree = "<group>";
		};
/* End PBXGroup section */

/* Begin PBXNativeTarget section */
		B35B97FA1950D00D00B78397 /* LifeVN */ = {
			isa = PBXNativeTarget;
			buildConfigurationList = B35B98301950D00D00B78397 /* Build configuration list for PBXNativeTarget "LifeVN" */;
			buildPhases = (
				0DFE83705DD04D2C8C5D1CB5 /* Check Pods Manifest.lock */,
				B35B97F71950D00D00B78397 /* Sources */,
				B35B97F81950D00D00B78397 /* Frameworks */,
				B35B97F91950D00D00B78397 /* Resources */,
				A3D93071F92048D6AB32C85F /* Copy Pods Resources */,
			);
			buildRules = (
			);
			dependencies = (
			);
			name = LifeVN;
			productName = LifeVN;
			productReference = B35B97FB1950D00D00B78397 /* LifeVN.app */;
			productType = "com.apple.product-type.application";
		};
		B35B981E1950D00D00B78397 /* LifeVNTests */ = {
			isa = PBXNativeTarget;
			buildConfigurationList = B35B98331950D00D00B78397 /* Build configuration list for PBXNativeTarget "LifeVNTests" */;
			buildPhases = (
				B35B981B1950D00D00B78397 /* Sources */,
				B35B981C1950D00D00B78397 /* Frameworks */,
				B35B981D1950D00D00B78397 /* Resources */,
			);
			buildRules = (
			);
			dependencies = (
				B35B98251950D00D00B78397 /* PBXTargetDependency */,
			);
			name = LifeVNTests;
			productName = LifeVNTests;
			productReference = B35B981F1950D00D00B78397 /* LifeVNTests.xctest */;
			productType = "com.apple.product-type.bundle.unit-test";
		};
/* End PBXNativeTarget section */

/* Begin PBXProject section */
		B35B97F31950D00D00B78397 /* Project object */ = {
			isa = PBXProject;
			attributes = {
				CLASSPREFIX = LN;
				LastUpgradeCheck = 0510;
				ORGANIZATIONNAME = LN;
				TargetAttributes = {
					B35B981E1950D00D00B78397 = {
						TestTargetID = B35B97FA1950D00D00B78397;
					};
				};
			};
			buildConfigurationList = B35B97F61950D00D00B78397 /* Build configuration list for PBXProject "LifeVN" */;
			compatibilityVersion = "Xcode 3.2";
			developmentRegion = English;
			hasScannedForEncodings = 0;
			knownRegions = (
				en,
				Base,
			);
			mainGroup = B35B97F21950D00D00B78397;
			productRefGroup = B35B97FC1950D00D00B78397 /* Products */;
			projectDirPath = "";
			projectRoot = "";
			targets = (
				B35B97FA1950D00D00B78397 /* LifeVN */,
				B35B981E1950D00D00B78397 /* LifeVNTests */,
			);
		};
/* End PBXProject section */

/* Begin PBXResourcesBuildPhase section */
		B35B97F91950D00D00B78397 /* Resources */ = {
			isa = PBXResourcesBuildPhase;
			buildActionMask = 2147483647;
			files = (
				B35B98471950D91A00B78397 /* DefaultCategories.plist in Resources */,
				B35B981A1950D00D00B78397 /* Images.xcassets in Resources */,
				B35B98091950D00D00B78397 /* InfoPlist.strings in Resources */,
			);
			runOnlyForDeploymentPostprocessing = 0;
		};
		B35B981D1950D00D00B78397 /* Resources */ = {
			isa = PBXResourcesBuildPhase;
			buildActionMask = 2147483647;
			files = (
				B35B982B1950D00D00B78397 /* InfoPlist.strings in Resources */,
			);
			runOnlyForDeploymentPostprocessing = 0;
		};
/* End PBXResourcesBuildPhase section */

/* Begin PBXShellScriptBuildPhase section */
		0DFE83705DD04D2C8C5D1CB5 /* Check Pods Manifest.lock */ = {
			isa = PBXShellScriptBuildPhase;
			buildActionMask = 2147483647;
			files = (
			);
			inputPaths = (
			);
			name = "Check Pods Manifest.lock";
			outputPaths = (
			);
			runOnlyForDeploymentPostprocessing = 0;
			shellPath = /bin/sh;
			shellScript = "diff \"${PODS_ROOT}/../Podfile.lock\" \"${PODS_ROOT}/Manifest.lock\" > /dev/null\nif [[ $? != 0 ]] ; then\n    cat << EOM\nerror: The sandbox is not in sync with the Podfile.lock. Run 'pod install' or update your CocoaPods installation.\nEOM\n    exit 1\nfi\n";
			showEnvVarsInLog = 0;
		};
		A3D93071F92048D6AB32C85F /* Copy Pods Resources */ = {
			isa = PBXShellScriptBuildPhase;
			buildActionMask = 2147483647;
			files = (
			);
			inputPaths = (
			);
			name = "Copy Pods Resources";
			outputPaths = (
			);
			runOnlyForDeploymentPostprocessing = 0;
			shellPath = /bin/sh;
			shellScript = "\"${SRCROOT}/Pods/Pods-resources.sh\"\n";
			showEnvVarsInLog = 0;
		};
/* End PBXShellScriptBuildPhase section */

/* Begin PBXSourcesBuildPhase section */
		B35B97F71950D00D00B78397 /* Sources */ = {
			isa = PBXSourcesBuildPhase;
			buildActionMask = 2147483647;
			files = (
				B3E3ACF21951358D009FC189 /* LNAppUser.m in Sources */,
				B3E3ACEC19513086009FC189 /* LNCategory.m in Sources */,
				B35B980F1950D00D00B78397 /* LNAppDelegate.m in Sources */,
				B3F5C78619528D600022F400 /* ResourceModel.xcdatamodeld in Sources */,
				B3F5C78919528E9E0022F400 /* ResourceLink.m in Sources */,
				B3F5C78F19528E9F0022F400 /* AppUser.m in Sources */,
				B35B980B1950D00D00B78397 /* main.m in Sources */,
				B35B983B1950D22D00B78397 /* LNTopbarView.m in Sources */,
				B35B98181950D00D00B78397 /* LNViewController.m in Sources */,
				B3E3ACEF19513118009FC189 /* LNResourceLink.m in Sources */,
				B3F5C78C19528E9F0022F400 /* ResourceCategory.m in Sources */,
			);
			runOnlyForDeploymentPostprocessing = 0;
		};
		B35B981B1950D00D00B78397 /* Sources */ = {
			isa = PBXSourcesBuildPhase;
			buildActionMask = 2147483647;
			files = (
				B35B982D1950D00D00B78397 /* LifeVNTests.m in Sources */,
			);
			runOnlyForDeploymentPostprocessing = 0;
		};
/* End PBXSourcesBuildPhase section */

/* Begin PBXTargetDependency section */
		B35B98251950D00D00B78397 /* PBXTargetDependency */ = {
			isa = PBXTargetDependency;
			target = B35B97FA1950D00D00B78397 /* LifeVN */;
			targetProxy = B35B98241950D00D00B78397 /* PBXContainerItemProxy */;
		};
/* End PBXTargetDependency section */

/* Begin PBXVariantGroup section */
		B35B98071950D00D00B78397 /* InfoPlist.strings */ = {
			isa = PBXVariantGroup;
			children = (
				B35B98081950D00D00B78397 /* en */,
			);
			name = InfoPlist.strings;
			sourceTree = "<group>";
		};
		B35B98291950D00D00B78397 /* InfoPlist.strings */ = {
			isa = PBXVariantGroup;
			children = (
				B35B982A1950D00D00B78397 /* en */,
			);
			name = InfoPlist.strings;
			sourceTree = "<group>";
		};
/* End PBXVariantGroup section */

/* Begin XCBuildConfiguration section */
		B35B982E1950D00D00B78397 /* Debug */ = {
			isa = XCBuildConfiguration;
			buildSettings = {
				ALWAYS_SEARCH_USER_PATHS = NO;
				CLANG_CXX_LANGUAGE_STANDARD = "gnu++0x";
				CLANG_CXX_LIBRARY = "libc++";
				CLANG_ENABLE_MODULES = YES;
				CLANG_ENABLE_OBJC_ARC = YES;
				CLANG_WARN_BOOL_CONVERSION = YES;
				CLANG_WARN_CONSTANT_CONVERSION = YES;
				CLANG_WARN_DIRECT_OBJC_ISA_USAGE = YES_ERROR;
				CLANG_WARN_EMPTY_BODY = YES;
				CLANG_WARN_ENUM_CONVERSION = YES;
				CLANG_WARN_INT_CONVERSION = YES;
				CLANG_WARN_OBJC_ROOT_CLASS = YES_ERROR;
				CLANG_WARN__DUPLICATE_METHOD_MATCH = YES;
				"CODE_SIGN_IDENTITY[sdk=iphoneos*]" = "iPhone Developer";
				COPY_PHASE_STRIP = NO;
				GCC_C_LANGUAGE_STANDARD = gnu99;
				GCC_DYNAMIC_NO_PIC = NO;
				GCC_OPTIMIZATION_LEVEL = 0;
				GCC_PREPROCESSOR_DEFINITIONS = (
					"DEBUG=1",
					"$(inherited)",
				);
				GCC_SYMBOLS_PRIVATE_EXTERN = NO;
				GCC_WARN_64_TO_32_BIT_CONVERSION = YES;
				GCC_WARN_ABOUT_RETURN_TYPE = YES_ERROR;
				GCC_WARN_UNDECLARED_SELECTOR = YES;
				GCC_WARN_UNINITIALIZED_AUTOS = YES_AGGRESSIVE;
				GCC_WARN_UNUSED_FUNCTION = YES;
				GCC_WARN_UNUSED_VARIABLE = YES;
				IPHONEOS_DEPLOYMENT_TARGET = 7.1;
				ONLY_ACTIVE_ARCH = YES;
				SDKROOT = iphoneos;
				TARGETED_DEVICE_FAMILY = "1,2";
			};
			name = Debug;
		};
		B35B982F1950D00D00B78397 /* Release */ = {
			isa = XCBuildConfiguration;
			buildSettings = {
				ALWAYS_SEARCH_USER_PATHS = NO;
				CLANG_CXX_LANGUAGE_STANDARD = "gnu++0x";
				CLANG_CXX_LIBRARY = "libc++";
				CLANG_ENABLE_MODULES = YES;
				CLANG_ENABLE_OBJC_ARC = YES;
				CLANG_WARN_BOOL_CONVERSION = YES;
				CLANG_WARN_CONSTANT_CONVERSION = YES;
				CLANG_WARN_DIRECT_OBJC_ISA_USAGE = YES_ERROR;
				CLANG_WARN_EMPTY_BODY = YES;
				CLANG_WARN_ENUM_CONVERSION = YES;
				CLANG_WARN_INT_CONVERSION = YES;
				CLANG_WARN_OBJC_ROOT_CLASS = YES_ERROR;
				CLANG_WARN__DUPLICATE_METHOD_MATCH = YES;
				"CODE_SIGN_IDENTITY[sdk=iphoneos*]" = "iPhone Developer";
				COPY_PHASE_STRIP = YES;
				ENABLE_NS_ASSERTIONS = NO;
				GCC_C_LANGUAGE_STANDARD = gnu99;
				GCC_WARN_64_TO_32_BIT_CONVERSION = YES;
				GCC_WARN_ABOUT_RETURN_TYPE = YES_ERROR;
				GCC_WARN_UNDECLARED_SELECTOR = YES;
				GCC_WARN_UNINITIALIZED_AUTOS = YES_AGGRESSIVE;
				GCC_WARN_UNUSED_FUNCTION = YES;
				GCC_WARN_UNUSED_VARIABLE = YES;
				IPHONEOS_DEPLOYMENT_TARGET = 7.1;
				SDKROOT = iphoneos;
				TARGETED_DEVICE_FAMILY = "1,2";
				VALIDATE_PRODUCT = YES;
			};
			name = Release;
		};
		B35B98311950D00D00B78397 /* Debug */ = {
			isa = XCBuildConfiguration;
			baseConfigurationReference = 5591A7F4CBA1495AB597B2B5 /* Pods.xcconfig */;
			buildSettings = {
				ASSETCATALOG_COMPILER_APPICON_NAME = AppIcon;
				ASSETCATALOG_COMPILER_LAUNCHIMAGE_NAME = LaunchImage;
				FRAMEWORK_SEARCH_PATHS = "$(PODS_ROOT)";
				GCC_PRECOMPILE_PREFIX_HEADER = YES;
				GCC_PREFIX_HEADER = "LifeVN/LifeVN-Prefix.pch";
				INFOPLIST_FILE = "LifeVN/LifeVN-Info.plist";
				LIBRARY_SEARCH_PATHS = "$(PODS_ROOT)";
				PRODUCT_NAME = "$(TARGET_NAME)";
				WRAPPER_EXTENSION = app;
			};
			name = Debug;
		};
		B35B98321950D00D00B78397 /* Release */ = {
			isa = XCBuildConfiguration;
			baseConfigurationReference = 5591A7F4CBA1495AB597B2B5 /* Pods.xcconfig */;
			buildSettings = {
				ASSETCATALOG_COMPILER_APPICON_NAME = AppIcon;
				ASSETCATALOG_COMPILER_LAUNCHIMAGE_NAME = LaunchImage;
				FRAMEWORK_SEARCH_PATHS = "$(PODS_ROOT)";
				GCC_PRECOMPILE_PREFIX_HEADER = YES;
				GCC_PREFIX_HEADER = "LifeVN/LifeVN-Prefix.pch";
				INFOPLIST_FILE = "LifeVN/LifeVN-Info.plist";
				LIBRARY_SEARCH_PATHS = "$(PODS_ROOT)";
				PRODUCT_NAME = "$(TARGET_NAME)";
				WRAPPER_EXTENSION = app;
			};
			name = Release;
		};
		B35B98341950D00D00B78397 /* Debug */ = {
			isa = XCBuildConfiguration;
			buildSettings = {
				BUNDLE_LOADER = "$(BUILT_PRODUCTS_DIR)/LifeVN.app/LifeVN";
				FRAMEWORK_SEARCH_PATHS = (
					"$(SDKROOT)/Developer/Library/Frameworks",
					"$(inherited)",
					"$(DEVELOPER_FRAMEWORKS_DIR)",
				);
				GCC_PRECOMPILE_PREFIX_HEADER = YES;
				GCC_PREFIX_HEADER = "LifeVN/LifeVN-Prefix.pch";
				GCC_PREPROCESSOR_DEFINITIONS = (
					"DEBUG=1",
					"$(inherited)",
				);
				INFOPLIST_FILE = "LifeVNTests/LifeVNTests-Info.plist";
				PRODUCT_NAME = "$(TARGET_NAME)";
				TEST_HOST = "$(BUNDLE_LOADER)";
				WRAPPER_EXTENSION = xctest;
			};
			name = Debug;
		};
		B35B98351950D00D00B78397 /* Release */ = {
			isa = XCBuildConfiguration;
			buildSettings = {
				BUNDLE_LOADER = "$(BUILT_PRODUCTS_DIR)/LifeVN.app/LifeVN";
				FRAMEWORK_SEARCH_PATHS = (
					"$(SDKROOT)/Developer/Library/Frameworks",
					"$(inherited)",
					"$(DEVELOPER_FRAMEWORKS_DIR)",
				);
				GCC_PRECOMPILE_PREFIX_HEADER = YES;
				GCC_PREFIX_HEADER = "LifeVN/LifeVN-Prefix.pch";
				INFOPLIST_FILE = "LifeVNTests/LifeVNTests-Info.plist";
				PRODUCT_NAME = "$(TARGET_NAME)";
				TEST_HOST = "$(BUNDLE_LOADER)";
				WRAPPER_EXTENSION = xctest;
			};
			name = Release;
		};
/* End XCBuildConfiguration section */

/* Begin XCConfigurationList section */
		B35B97F61950D00D00B78397 /* Build configuration list for PBXProject "LifeVN" */ = {
			isa = XCConfigurationList;
			buildConfigurations = (
				B35B982E1950D00D00B78397 /* Debug */,
				B35B982F1950D00D00B78397 /* Release */,
			);
			defaultConfigurationIsVisible = 0;
			defaultConfigurationName = Release;
		};
		B35B98301950D00D00B78397 /* Build configuration list for PBXNativeTarget "LifeVN" */ = {
			isa = XCConfigurationList;
			buildConfigurations = (
				B35B98311950D00D00B78397 /* Debug */,
				B35B98321950D00D00B78397 /* Release */,
			);
			defaultConfigurationIsVisible = 0;
			defaultConfigurationName = Release;
		};
		B35B98331950D00D00B78397 /* Build configuration list for PBXNativeTarget "LifeVNTests" */ = {
			isa = XCConfigurationList;
			buildConfigurations = (
				B35B98341950D00D00B78397 /* Debug */,
				B35B98351950D00D00B78397 /* Release */,
			);
			defaultConfigurationIsVisible = 0;
			defaultConfigurationName = Release;
		};
/* End XCConfigurationList section */

/* Begin XCVersionGroup section */
		B3F5C78419528D600022F400 /* ResourceModel.xcdatamodeld */ = {
			isa = XCVersionGroup;
			children = (
				B3F5C78519528D600022F400 /* ResourceModel.xcdatamodel */,
			);
			currentVersion = B3F5C78519528D600022F400 /* ResourceModel.xcdatamodel */;
			path = ResourceModel.xcdatamodeld;
			sourceTree = "<group>";
			versionGroupType = wrapper.xcdatamodel;
		};
/* End XCVersionGroup section */
	};
	rootObject = B35B97F31950D00D00B78397 /* Project object */;
}
